
Microsoft Visual Studio Solution File, Format Version 12.00
# Visual Studio Version 17
VisualStudioVersion = 17.4.33205.214
MinimumVisualStudioVersion = 10.0.40219.1
Project("{9A19103F-16F7-4668-BE54-9A1E7A4F7556}") = "WebApplicationWithMongo", "WebApplication1\WebApplicationWithMongo.csproj", "{C8E89874-5D85-4EF3-B32F-83D63E8D9EEF}"
EndProject
Global
	GlobalSection(SolutionConfigurationPlatforms) = preSolution
		Debug|Any CPU = Debug|Any CPU
		Release|Any CPU = Release|Any CPU
	EndGlobalSection
	GlobalSection(ProjectConfigurationPlatforms) = postSolution
		{C8E89874-5D85-4EF3-B32F-83D63E8D9EEF}.Debug|Any CPU.ActiveCfg = Debug|Any CPU
		{C8E89874-5D85-4EF3-B32F-83D63E8D9EEF}.Debug|Any CPU.Build.0 = Debug|Any CPU
		{C8E89874-5D85-4EF3-B32F-83D63E8D9EEF}.Release|Any CPU.ActiveCfg = Release|Any CPU
		{C8E89874-5D85-4EF3-B32F-83D63E8D9EEF}.Release|Any CPU.Build.0 = Release|Any CPU
	EndGlobalSection
	GlobalSection(SolutionProperties) = preSolution
		HideSolutionNode = FALSE
	EndGlobalSection
	GlobalSection(ExtensibilityGlobals) = postSolution
		SolutionGuid = {77B7E1D4-DAC5-4B8E-B926-07392E64D062}
	EndGlobalSection
EndGlobal
